
Microsoft Visual Studio Solution File, Format Version 12.00
# Visual Studio 14
VisualStudioVersion = 14.0.24720.0
MinimumVisualStudioVersion = 10.0.40219.1
Project("{FAE04EC0-301F-11D3-BF4B-00C04F79EFBC}") = "RedContactos.Droid", "RedContactos\RedContactos.Droid\RedContactos.Droid.csproj", "{5E47F120-1FD4-46F3-951A-817413F573CD}"
EndProject
Project("{FAE04EC0-301F-11D3-BF4B-00C04F79EFBC}") = "RedContactos.iOS", "RedContactos\RedContactos.iOS\RedContactos.iOS.csproj", "{110205A9-4586-40A3-9075-E8EE314345E8}"
EndProject
Project("{FAE04EC0-301F-11D3-BF4B-00C04F79EFBC}") = "RedContactos.WinPhone", "RedContactos\RedContactos.WinPhone\RedContactos.WinPhone.csproj", "{7AA26A70-ED9E-45DA-AE0F-BE98A0512154}"
EndProject
Project("{FAE04EC0-301F-11D3-BF4B-00C04F79EFBC}") = "RedContactos", "RedContactos\RedContactos\RedContactos.csproj", "{9FB9AF2C-E6F9-4ADB-B864-A4847A25F0A9}"
EndProject
Project("{FAE04EC0-301F-11D3-BF4B-00C04F79EFBC}") = "ContactosModel", "ContactosModel\ContactosModel.csproj", "{EBDB8281-0CBD-4F0B-9C85-3B60AC5C10DF}"
EndProject
Project("{FAE04EC0-301F-11D3-BF4B-00C04F79EFBC}") = "MvvmLibrary", "MvvmLibrary\MvvmLibrary.csproj", "{21F65626-6E02-49C0-99A0-DB5FADE8CED2}"
EndProject
Global
	GlobalSection(SolutionConfigurationPlatforms) = preSolution
		Ad-Hoc|Any CPU = Ad-Hoc|Any CPU
		Ad-Hoc|ARM = Ad-Hoc|ARM
		Ad-Hoc|iPhone = Ad-Hoc|iPhone
		Ad-Hoc|iPhoneSimulator = Ad-Hoc|iPhoneSimulator
		Ad-Hoc|x86 = Ad-Hoc|x86
		AppStore|Any CPU = AppStore|Any CPU
		AppStore|ARM = AppStore|ARM
		AppStore|iPhone = AppStore|iPhone
		AppStore|iPhoneSimulator = AppStore|iPhoneSimulator
		AppStore|x86 = AppStore|x86
		Debug|Any CPU = Debug|Any CPU
		Debug|ARM = Debug|ARM
		Debug|iPhone = Debug|iPhone
		Debug|iPhoneSimulator = Debug|iPhoneSimulator
		Debug|x86 = Debug|x86
		Release|Any CPU = Release|Any CPU
		Release|ARM = Release|ARM
		Release|iPhone = Release|iPhone
		Release|iPhoneSimulator = Release|iPhoneSimulator
		Release|x86 = Release|x86
	EndGlobalSection
	GlobalSection(ProjectConfigurationPlatforms) = postSolution
		{5E47F120-1FD4-46F3-951A-817413F573CD}.Ad-Hoc|Any CPU.ActiveCfg = Release|Any CPU
		{5E47F120-1FD4-46F3-951A-817413F573CD}.Ad-Hoc|Any CPU.Build.0 = Release|Any CPU
		{5E47F120-1FD4-46F3-951A-817413F573CD}.Ad-Hoc|Any CPU.Deploy.0 = Release|Any CPU
		{5E47F120-1FD4-46F3-951A-817413F573CD}.Ad-Hoc|ARM.ActiveCfg = Release|Any CPU
		{5E47F120-1FD4-46F3-951A-817413F573CD}.Ad-Hoc|ARM.Build.0 = Release|Any CPU
		{5E47F120-1FD4-46F3-951A-817413F573CD}.Ad-Hoc|ARM.Deploy.0 = Release|Any CPU
		{5E47F120-1FD4-46F3-951A-817413F573CD}.Ad-Hoc|iPhone.ActiveCfg = Release|Any CPU
		{5E47F120-1FD4-46F3-951A-817413F573CD}.Ad-Hoc|iPhone.Build.0 = Release|Any CPU
		{5E47F120-1FD4-46F3-951A-817413F573CD}.Ad-Hoc|iPhone.Deploy.0 = Release|Any CPU
		{5E47F120-1FD4-46F3-951A-817413F573CD}.Ad-Hoc|iPhoneSimulator.ActiveCfg = Release|Any CPU
		{5E47F120-1FD4-46F3-951A-817413F573CD}.Ad-Hoc|iPhoneSimulator.Build.0 = Release|Any CPU
		{5E47F120-1FD4-46F3-951A-817413F573CD}.Ad-Hoc|iPhoneSimulator.Deploy.0 = Release|Any CPU
		{5E47F120-1FD4-46F3-951A-817413F573CD}.Ad-Hoc|x86.ActiveCfg = Release|Any CPU
		{5E47F120-1FD4-46F3-951A-817413F573CD}.Ad-Hoc|x86.Build.0 = Release|Any CPU
		{5E47F120-1FD4-46F3-951A-817413F573CD}.Ad-Hoc|x86.Deploy.0 = Release|Any CPU
		{5E47F120-1FD4-46F3-951A-817413F573CD}.AppStore|Any CPU.ActiveCfg = Release|Any CPU
		{5E47F120-1FD4-46F3-951A-817413F573CD}.AppStore|Any CPU.Build.0 = Release|Any CPU
		{5E47F120-1FD4-46F3-951A-817413F573CD}.AppStore|Any CPU.Deploy.0 = Release|Any CPU
		{5E47F120-1FD4-46F3-951A-817413F573CD}.AppStore|ARM.ActiveCfg = Release|Any CPU
		{5E47F120-1FD4-46F3-951A-817413F573CD}.AppStore|ARM.Build.0 = Release|Any CPU
		{5E47F120-1FD4-46F3-951A-817413F573CD}.AppStore|ARM.Deploy.0 = Release|Any CPU
		{5E47F120-1FD4-46F3-951A-817413F573CD}.AppStore|iPhone.ActiveCfg = Release|Any CPU
		{5E47F120-1FD4-46F3-951A-817413F573CD}.AppStore|iPhone.Build.0 = Release|Any CPU
		{5E47F120-1FD4-46F3-951A-817413F573CD}.AppStore|iPhone.Deploy.0 = Release|Any CPU
		{5E47F120-1FD4-46F3-951A-817413F573CD}.AppStore|iPhoneSimulator.ActiveCfg = Release|Any CPU
		{5E47F120-1FD4-46F3-951A-817413F573CD}.AppStore|iPhoneSimulator.Build.0 = Release|Any CPU
		{5E47F120-1FD4-46F3-951A-817413F573CD}.AppStore|iPhoneSimulator.Deploy.0 = Release|Any CPU
		{5E47F120-1FD4-46F3-951A-817413F573CD}.AppStore|x86.ActiveCfg = Release|Any CPU
		{5E47F120-1FD4-46F3-951A-817413F573CD}.AppStore|x86.Build.0 = Release|Any CPU
		{5E47F120-1FD4-46F3-951A-817413F573CD}.AppStore|x86.Deploy.0 = Release|Any CPU
		{5E47F120-1FD4-46F3-951A-817413F573CD}.Debug|Any CPU.ActiveCfg = Debug|Any CPU
		{5E47F120-1FD4-46F3-951A-817413F573CD}.Debug|Any CPU.Build.0 = Debug|Any CPU
		{5E47F120-1FD4-46F3-951A-817413F573CD}.Debug|Any CPU.Deploy.0 = Debug|Any CPU
		{5E47F120-1FD4-46F3-951A-817413F573CD}.Debug|ARM.ActiveCfg = Debug|Any CPU
		{5E47F120-1FD4-46F3-951A-817413F573CD}.Debug|ARM.Build.0 = Debug|Any CPU
		{5E47F120-1FD4-46F3-951A-817413F573CD}.Debug|ARM.Deploy.0 = Debug|Any CPU
		{5E47F120-1FD4-46F3-951A-817413F573CD}.Debug|iPhone.ActiveCfg = Debug|Any CPU
		{5E47F120-1FD4-46F3-951A-817413F573CD}.Debug|iPhone.Build.0 = Debug|Any CPU
		{5E47F120-1FD4-46F3-951A-817413F573CD}.Debug|iPhone.Deploy.0 = Debug|Any CPU
		{5E47F120-1FD4-46F3-951A-817413F573CD}.Debug|iPhoneSimulator.ActiveCfg = Debug|Any CPU
		{5E47F120-1FD4-46F3-951A-817413F573CD}.Debug|iPhoneSimulator.Build.0 = Debug|Any CPU
		{5E47F120-1FD4-46F3-951A-817413F573CD}.Debug|iPhoneSimulator.Deploy.0 = Debug|Any CPU
		{5E47F120-1FD4-46F3-951A-817413F573CD}.Debug|x86.ActiveCfg = Debug|Any CPU
		{5E47F120-1FD4-46F3-951A-817413F573CD}.Debug|x86.Build.0 = Debug|Any CPU
		{5E47F120-1FD4-46F3-951A-817413F573CD}.Debug|x86.Deploy.0 = Debug|Any CPU
		{5E47F120-1FD4-46F3-951A-817413F573CD}.Release|Any CPU.ActiveCfg = Release|Any CPU
		{5E47F120-1FD4-46F3-951A-817413F573CD}.Release|Any CPU.Build.0 = Release|Any CPU
		{5E47F120-1FD4-46F3-951A-817413F573CD}.Release|Any CPU.Deploy.0 = Release|Any CPU
		{5E47F120-1FD4-46F3-951A-817413F573CD}.Release|ARM.ActiveCfg = Release|Any CPU
		{5E47F120-1FD4-46F3-951A-817413F573CD}.Release|ARM.Build.0 = Release|Any CPU
		{5E47F120-1FD4-46F3-951A-817413F573CD}.Release|ARM.Deploy.0 = Release|Any CPU
		{5E47F120-1FD4-46F3-951A-817413F573CD}.Release|iPhone.ActiveCfg = Release|Any CPU
		{5E47F120-1FD4-46F3-951A-817413F573CD}.Release|iPhone.Build.0 = Release|Any CPU
		{5E47F120-1FD4-46F3-951A-817413F573CD}.Release|iPhone.Deploy.0 = Release|Any CPU
		{5E47F120-1FD4-46F3-951A-817413F573CD}.Release|iPhoneSimulator.ActiveCfg = Release|Any CPU
		{5E47F120-1FD4-46F3-951A-817413F573CD}.Release|iPhoneSimulator.Build.0 = Release|Any CPU
		{5E47F120-1FD4-46F3-951A-817413F573CD}.Release|iPhoneSimulator.Deploy.0 = Release|Any CPU
		{5E47F120-1FD4-46F3-951A-817413F573CD}.Release|x86.ActiveCfg = Release|Any CPU
		{5E47F120-1FD4-46F3-951A-817413F573CD}.Release|x86.Build.0 = Release|Any CPU
		{5E47F120-1FD4-46F3-951A-817413F573CD}.Release|x86.Deploy.0 = Release|Any CPU
		{110205A9-4586-40A3-9075-E8EE314345E8}.Ad-Hoc|Any CPU.ActiveCfg = Ad-Hoc|iPhone
		{110205A9-4586-40A3-9075-E8EE314345E8}.Ad-Hoc|ARM.ActiveCfg = Ad-Hoc|iPhone
		{110205A9-4586-40A3-9075-E8EE314345E8}.Ad-Hoc|iPhone.ActiveCfg = Ad-Hoc|iPhone
		{110205A9-4586-40A3-9075-E8EE314345E8}.Ad-Hoc|iPhone.Build.0 = Ad-Hoc|iPhone
		{110205A9-4586-40A3-9075-E8EE314345E8}.Ad-Hoc|iPhoneSimulator.ActiveCfg = Ad-Hoc|iPhoneSimulator
		{110205A9-4586-40A3-9075-E8EE314345E8}.Ad-Hoc|iPhoneSimulator.Build.0 = Ad-Hoc|iPhoneSimulator
		{110205A9-4586-40A3-9075-E8EE314345E8}.Ad-Hoc|x86.ActiveCfg = Ad-Hoc|iPhone
		{110205A9-4586-40A3-9075-E8EE314345E8}.AppStore|Any CPU.ActiveCfg = AppStore|iPhone
		{110205A9-4586-40A3-9075-E8EE314345E8}.AppStore|ARM.ActiveCfg = AppStore|iPhone
		{110205A9-4586-40A3-9075-E8EE314345E8}.AppStore|iPhone.ActiveCfg = AppStore|iPhone
		{110205A9-4586-40A3-9075-E8EE314345E8}.AppStore|iPhone.Build.0 = AppStore|iPhone
		{110205A9-4586-40A3-9075-E8EE314345E8}.AppStore|iPhoneSimulator.ActiveCfg = AppStore|iPhoneSimulator
		{110205A9-4586-40A3-9075-E8EE314345E8}.AppStore|iPhoneSimulator.Build.0 = AppStore|iPhoneSimulator
		{110205A9-4586-40A3-9075-E8EE314345E8}.AppStore|x86.ActiveCfg = AppStore|iPhone
		{110205A9-4586-40A3-9075-E8EE314345E8}.Debug|Any CPU.ActiveCfg = Debug|iPhone
		{110205A9-4586-40A3-9075-E8EE314345E8}.Debug|ARM.ActiveCfg = Debug|iPhone
		{110205A9-4586-40A3-9075-E8EE314345E8}.Debug|iPhone.ActiveCfg = Debug|iPhone
		{110205A9-4586-40A3-9075-E8EE314345E8}.Debug|iPhone.Build.0 = Debug|iPhone
		{110205A9-4586-40A3-9075-E8EE314345E8}.Debug|iPhoneSimulator.ActiveCfg = Debug|iPhoneSimulator
		{110205A9-4586-40A3-9075-E8EE314345E8}.Debug|iPhoneSimulator.Build.0 = Debug|iPhoneSimulator
		{110205A9-4586-40A3-9075-E8EE314345E8}.Debug|x86.ActiveCfg = Debug|iPhone
		{110205A9-4586-40A3-9075-E8EE314345E8}.Release|Any CPU.ActiveCfg = Release|iPhone
		{110205A9-4586-40A3-9075-E8EE314345E8}.Release|ARM.ActiveCfg = Release|iPhone
		{110205A9-4586-40A3-9075-E8EE314345E8}.Release|iPhone.ActiveCfg = Release|iPhone
		{110205A9-4586-40A3-9075-E8EE314345E8}.Release|iPhone.Build.0 = Release|iPhone
		{110205A9-4586-40A3-9075-E8EE314345E8}.Release|iPhoneSimulator.ActiveCfg = Release|iPhoneSimulator
		{110205A9-4586-40A3-9075-E8EE314345E8}.Release|iPhoneSimulator.Build.0 = Release|iPhoneSimulator
		{110205A9-4586-40A3-9075-E8EE314345E8}.Release|x86.ActiveCfg = Release|iPhone
		{7AA26A70-ED9E-45DA-AE0F-BE98A0512154}.Ad-Hoc|Any CPU.ActiveCfg = Release|Any CPU
		{7AA26A70-ED9E-45DA-AE0F-BE98A0512154}.Ad-Hoc|Any CPU.Build.0 = Release|Any CPU
		{7AA26A70-ED9E-45DA-AE0F-BE98A0512154}.Ad-Hoc|Any CPU.Deploy.0 = Release|Any CPU
		{7AA26A70-ED9E-45DA-AE0F-BE98A0512154}.Ad-Hoc|ARM.ActiveCfg = Release|ARM
		{7AA26A70-ED9E-45DA-AE0F-BE98A0512154}.Ad-Hoc|ARM.Build.0 = Release|ARM
		{7AA26A70-ED9E-45DA-AE0F-BE98A0512154}.Ad-Hoc|ARM.Deploy.0 = Release|ARM
		{7AA26A70-ED9E-45DA-AE0F-BE98A0512154}.Ad-Hoc|iPhone.ActiveCfg = Release|Any CPU
		{7AA26A70-ED9E-45DA-AE0F-BE98A0512154}.Ad-Hoc|iPhone.Build.0 = Release|Any CPU
		{7AA26A70-ED9E-45DA-AE0F-BE98A0512154}.Ad-Hoc|iPhone.Deploy.0 = Release|Any CPU
		{7AA26A70-ED9E-45DA-AE0F-BE98A0512154}.Ad-Hoc|iPhoneSimulator.ActiveCfg = Release|Any CPU
		{7AA26A70-ED9E-45DA-AE0F-BE98A0512154}.Ad-Hoc|iPhoneSimulator.Build.0 = Release|Any CPU
		{7AA26A70-ED9E-45DA-AE0F-BE98A0512154}.Ad-Hoc|iPhoneSimulator.Deploy.0 = Release|Any CPU
		{7AA26A70-ED9E-45DA-AE0F-BE98A0512154}.Ad-Hoc|x86.ActiveCfg = Release|x86
		{7AA26A70-ED9E-45DA-AE0F-BE98A0512154}.Ad-Hoc|x86.Build.0 = Release|x86
		{7AA26A70-ED9E-45DA-AE0F-BE98A0512154}.Ad-Hoc|x86.Deploy.0 = Release|x86
		{7AA26A70-ED9E-45DA-AE0F-BE98A0512154}.AppStore|Any CPU.ActiveCfg = Release|Any CPU
		{7AA26A70-ED9E-45DA-AE0F-BE98A0512154}.AppStore|Any CPU.Build.0 = Release|Any CPU
		{7AA26A70-ED9E-45DA-AE0F-BE98A0512154}.AppStore|Any CPU.Deploy.0 = Release|Any CPU
		{7AA26A70-ED9E-45DA-AE0F-BE98A0512154}.AppStore|ARM.ActiveCfg = Release|ARM
		{7AA26A70-ED9E-45DA-AE0F-BE98A0512154}.AppStore|ARM.Build.0 = Release|ARM
		{7AA26A70-ED9E-45DA-AE0F-BE98A0512154}.AppStore|ARM.Deploy.0 = Release|ARM
		{7AA26A70-ED9E-45DA-AE0F-BE98A0512154}.AppStore|iPhone.ActiveCfg = Release|Any CPU
		{7AA26A70-ED9E-45DA-AE0F-BE98A0512154}.AppStore|iPhone.Build.0 = Release|Any CPU
		{7AA26A70-ED9E-45DA-AE0F-BE98A0512154}.AppStore|iPhone.Deploy.0 = Release|Any CPU
		{7AA26A70-ED9E-45DA-AE0F-BE98A0512154}.AppStore|iPhoneSimulator.ActiveCfg = Release|Any CPU
		{7AA26A70-ED9E-45DA-AE0F-BE98A0512154}.AppStore|iPhoneSimulator.Build.0 = Release|Any CPU
		{7AA26A70-ED9E-45DA-AE0F-BE98A0512154}.AppStore|iPhoneSimulator.Deploy.0 = Release|Any CPU
		{7AA26A70-ED9E-45DA-AE0F-BE98A0512154}.AppStore|x86.ActiveCfg = Release|x86
		{7AA26A70-ED9E-45DA-AE0F-BE98A0512154}.AppStore|x86.Build.0 = Release|x86
		{7AA26A70-ED9E-45DA-AE0F-BE98A0512154}.AppStore|x86.Deploy.0 = Release|x86
		{7AA26A70-ED9E-45DA-AE0F-BE98A0512154}.Debug|Any CPU.ActiveCfg = Debug|Any CPU
		{7AA26A70-ED9E-45DA-AE0F-BE98A0512154}.Debug|Any CPU.Build.0 = Debug|Any CPU
		{7AA26A70-ED9E-45DA-AE0F-BE98A0512154}.Debug|Any CPU.Deploy.0 = Debug|Any CPU
		{7AA26A70-ED9E-45DA-AE0F-BE98A0512154}.Debug|ARM.ActiveCfg = Debug|ARM
		{7AA26A70-ED9E-45DA-AE0F-BE98A0512154}.Debug|ARM.Build.0 = Debug|ARM
		{7AA26A70-ED9E-45DA-AE0F-BE98A0512154}.Debug|ARM.Deploy.0 = Debug|ARM
		{7AA26A70-ED9E-45DA-AE0F-BE98A0512154}.Debug|iPhone.ActiveCfg = Debug|Any CPU
		{7AA26A70-ED9E-45DA-AE0F-BE98A0512154}.Debug|iPhone.Build.0 = Debug|Any CPU
		{7AA26A70-ED9E-45DA-AE0F-BE98A0512154}.Debug|iPhone.Deploy.0 = Debug|Any CPU
		{7AA26A70-ED9E-45DA-AE0F-BE98A0512154}.Debug|iPhoneSimulator.ActiveCfg = Debug|Any CPU
		{7AA26A70-ED9E-45DA-AE0F-BE98A0512154}.Debug|iPhoneSimulator.Build.0 = Debug|Any CPU
		{7AA26A70-ED9E-45DA-AE0F-BE98A0512154}.Debug|iPhoneSimulator.Deploy.0 = Debug|Any CPU
		{7AA26A70-ED9E-45DA-AE0F-BE98A0512154}.Debug|x86.ActiveCfg = Debug|x86
		{7AA26A70-ED9E-45DA-AE0F-BE98A0512154}.Debug|x86.Build.0 = Debug|x86
		{7AA26A70-ED9E-45DA-AE0F-BE98A0512154}.Debug|x86.Deploy.0 = Debug|x86
		{7AA26A70-ED9E-45DA-AE0F-BE98A0512154}.Release|Any CPU.ActiveCfg = Release|Any CPU
		{7AA26A70-ED9E-45DA-AE0F-BE98A0512154}.Release|Any CPU.Build.0 = Release|Any CPU
		{7AA26A70-ED9E-45DA-AE0F-BE98A0512154}.Release|Any CPU.Deploy.0 = Release|Any CPU
		{7AA26A70-ED9E-45DA-AE0F-BE98A0512154}.Release|ARM.ActiveCfg = Release|ARM
		{7AA26A70-ED9E-45DA-AE0F-BE98A0512154}.Release|ARM.Build.0 = Release|ARM
		{7AA26A70-ED9E-45DA-AE0F-BE98A0512154}.Release|ARM.Deploy.0 = Release|ARM
		{7AA26A70-ED9E-45DA-AE0F-BE98A0512154}.Release|iPhone.ActiveCfg = Release|Any CPU
		{7AA26A70-ED9E-45DA-AE0F-BE98A0512154}.Release|iPhone.Build.0 = Release|Any CPU
		{7AA26A70-ED9E-45DA-AE0F-BE98A0512154}.Release|iPhone.Deploy.0 = Release|Any CPU
		{7AA26A70-ED9E-45DA-AE0F-BE98A0512154}.Release|iPhoneSimulator.ActiveCfg = Release|Any CPU
		{7AA26A70-ED9E-45DA-AE0F-BE98A0512154}.Release|iPhoneSimulator.Build.0 = Release|Any CPU
		{7AA26A70-ED9E-45DA-AE0F-BE98A0512154}.Release|iPhoneSimulator.Deploy.0 = Release|Any CPU
		{7AA26A70-ED9E-45DA-AE0F-BE98A0512154}.Release|x86.ActiveCfg = Release|x86
		{7AA26A70-ED9E-45DA-AE0F-BE98A0512154}.Release|x86.Build.0 = Release|x86
		{7AA26A70-ED9E-45DA-AE0F-BE98A0512154}.Release|x86.Deploy.0 = Release|x86
		{9FB9AF2C-E6F9-4ADB-B864-A4847A25F0A9}.Ad-Hoc|Any CPU.ActiveCfg = Release|Any CPU
		{9FB9AF2C-E6F9-4ADB-B864-A4847A25F0A9}.Ad-Hoc|Any CPU.Build.0 = Release|Any CPU
		{9FB9AF2C-E6F9-4ADB-B864-A4847A25F0A9}.Ad-Hoc|ARM.ActiveCfg = Release|Any CPU
		{9FB9AF2C-E6F9-4ADB-B864-A4847A25F0A9}.Ad-Hoc|ARM.Build.0 = Release|Any CPU
		{9FB9AF2C-E6F9-4ADB-B864-A4847A25F0A9}.Ad-Hoc|iPhone.ActiveCfg = Release|Any CPU
		{9FB9AF2C-E6F9-4ADB-B864-A4847A25F0A9}.Ad-Hoc|iPhone.Build.0 = Release|Any CPU
		{9FB9AF2C-E6F9-4ADB-B864-A4847A25F0A9}.Ad-Hoc|iPhoneSimulator.ActiveCfg = Release|Any CPU
		{9FB9AF2C-E6F9-4ADB-B864-A4847A25F0A9}.Ad-Hoc|iPhoneSimulator.Build.0 = Release|Any CPU
		{9FB9AF2C-E6F9-4ADB-B864-A4847A25F0A9}.Ad-Hoc|x86.ActiveCfg = Release|Any CPU
		{9FB9AF2C-E6F9-4ADB-B864-A4847A25F0A9}.Ad-Hoc|x86.Build.0 = Release|Any CPU
		{9FB9AF2C-E6F9-4ADB-B864-A4847A25F0A9}.AppStore|Any CPU.ActiveCfg = Release|Any CPU
		{9FB9AF2C-E6F9-4ADB-B864-A4847A25F0A9}.AppStore|Any CPU.Build.0 = Release|Any CPU
		{9FB9AF2C-E6F9-4ADB-B864-A4847A25F0A9}.AppStore|ARM.ActiveCfg = Release|Any CPU
		{9FB9AF2C-E6F9-4ADB-B864-A4847A25F0A9}.AppStore|ARM.Build.0 = Release|Any CPU
		{9FB9AF2C-E6F9-4ADB-B864-A4847A25F0A9}.AppStore|iPhone.ActiveCfg = Release|Any CPU
		{9FB9AF2C-E6F9-4ADB-B864-A4847A25F0A9}.AppStore|iPhone.Build.0 = Release|Any CPU
		{9FB9AF2C-E6F9-4ADB-B864-A4847A25F0A9}.AppStore|iPhoneSimulator.ActiveCfg = Release|Any CPU
		{9FB9AF2C-E6F9-4ADB-B864-A4847A25F0A9}.AppStore|iPhoneSimulator.Build.0 = Release|Any CPU
		{9FB9AF2C-E6F9-4ADB-B864-A4847A25F0A9}.AppStore|x86.ActiveCfg = Release|Any CPU
		{9FB9AF2C-E6F9-4ADB-B864-A4847A25F0A9}.AppStore|x86.Build.0 = Release|Any CPU
		{9FB9AF2C-E6F9-4ADB-B864-A4847A25F0A9}.Debug|Any CPU.ActiveCfg = Debug|Any CPU
		{9FB9AF2C-E6F9-4ADB-B864-A4847A25F0A9}.Debug|Any CPU.Build.0 = Debug|Any CPU
		{9FB9AF2C-E6F9-4ADB-B864-A4847A25F0A9}.Debug|ARM.ActiveCfg = Debug|Any CPU
		{9FB9AF2C-E6F9-4ADB-B864-A4847A25F0A9}.Debug|ARM.Build.0 = Debug|Any CPU
		{9FB9AF2C-E6F9-4ADB-B864-A4847A25F0A9}.Debug|iPhone.ActiveCfg = Debug|Any CPU
		{9FB9AF2C-E6F9-4ADB-B864-A4847A25F0A9}.Debug|iPhone.Build.0 = Debug|Any CPU
		{9FB9AF2C-E6F9-4ADB-B864-A4847A25F0A9}.Debug|iPhoneSimulator.ActiveCfg = Debug|Any CPU
		{9FB9AF2C-E6F9-4ADB-B864-A4847A25F0A9}.Debug|iPhoneSimulator.Build.0 = Debug|Any CPU
		{9FB9AF2C-E6F9-4ADB-B864-A4847A25F0A9}.Debug|x86.ActiveCfg = Debug|Any CPU
		{9FB9AF2C-E6F9-4ADB-B864-A4847A25F0A9}.Debug|x86.Build.0 = Debug|Any CPU
		{9FB9AF2C-E6F9-4ADB-B864-A4847A25F0A9}.Release|Any CPU.ActiveCfg = Release|Any CPU
		{9FB9AF2C-E6F9-4ADB-B864-A4847A25F0A9}.Release|Any CPU.Build.0 = Release|Any CPU
		{9FB9AF2C-E6F9-4ADB-B864-A4847A25F0A9}.Release|ARM.ActiveCfg = Release|Any CPU
		{9FB9AF2C-E6F9-4ADB-B864-A4847A25F0A9}.Release|ARM.Build.0 = Release|Any CPU
		{9FB9AF2C-E6F9-4ADB-B864-A4847A25F0A9}.Release|iPhone.ActiveCfg = Release|Any CPU
		{9FB9AF2C-E6F9-4ADB-B864-A4847A25F0A9}.Release|iPhone.Build.0 = Release|Any CPU
		{9FB9AF2C-E6F9-4ADB-B864-A4847A25F0A9}.Release|iPhoneSimulator.ActiveCfg = Release|Any CPU
		{9FB9AF2C-E6F9-4ADB-B864-A4847A25F0A9}.Release|iPhoneSimulator.Build.0 = Release|Any CPU
		{9FB9AF2C-E6F9-4ADB-B864-A4847A25F0A9}.Release|x86.ActiveCfg = Release|Any CPU
		{9FB9AF2C-E6F9-4ADB-B864-A4847A25F0A9}.Release|x86.Build.0 = Release|Any CPU
		{EBDB8281-0CBD-4F0B-9C85-3B60AC5C10DF}.Ad-Hoc|Any CPU.ActiveCfg = Release|Any CPU
		{EBDB8281-0CBD-4F0B-9C85-3B60AC5C10DF}.Ad-Hoc|Any CPU.Build.0 = Release|Any CPU
		{EBDB8281-0CBD-4F0B-9C85-3B60AC5C10DF}.Ad-Hoc|ARM.ActiveCfg = Release|Any CPU
		{EBDB8281-0CBD-4F0B-9C85-3B60AC5C10DF}.Ad-Hoc|ARM.Build.0 = Release|Any CPU
		{EBDB8281-0CBD-4F0B-9C85-3B60AC5C10DF}.Ad-Hoc|iPhone.ActiveCfg = Release|Any CPU
		{EBDB8281-0CBD-4F0B-9C85-3B60AC5C10DF}.Ad-Hoc|iPhone.Build.0 = Release|Any CPU
		{EBDB8281-0CBD-4F0B-9C85-3B60AC5C10DF}.Ad-Hoc|iPhoneSimulator.ActiveCfg = Release|Any CPU
		{EBDB8281-0CBD-4F0B-9C85-3B60AC5C10DF}.Ad-Hoc|iPhoneSimulator.Build.0 = Release|Any CPU
		{EBDB8281-0CBD-4F0B-9C85-3B60AC5C10DF}.Ad-Hoc|x86.ActiveCfg = Release|Any CPU
		{EBDB8281-0CBD-4F0B-9C85-3B60AC5C10DF}.Ad-Hoc|x86.Build.0 = Release|Any CPU
		{EBDB8281-0CBD-4F0B-9C85-3B60AC5C10DF}.AppStore|Any CPU.ActiveCfg = Release|Any CPU
		{EBDB8281-0CBD-4F0B-9C85-3B60AC5C10DF}.AppStore|Any CPU.Build.0 = Release|Any CPU
		{EBDB8281-0CBD-4F0B-9C85-3B60AC5C10DF}.AppStore|ARM.ActiveCfg = Release|Any CPU
		{EBDB8281-0CBD-4F0B-9C85-3B60AC5C10DF}.AppStore|ARM.Build.0 = Release|Any CPU
		{EBDB8281-0CBD-4F0B-9C85-3B60AC5C10DF}.AppStore|iPhone.ActiveCfg = Release|Any CPU
		{EBDB8281-0CBD-4F0B-9C85-3B60AC5C10DF}.AppStore|iPhone.Build.0 = Release|Any CPU
		{EBDB8281-0CBD-4F0B-9C85-3B60AC5C10DF}.AppStore|iPhoneSimulator.ActiveCfg = Release|Any CPU
		{EBDB8281-0CBD-4F0B-9C85-3B60AC5C10DF}.AppStore|iPhoneSimulator.Build.0 = Release|Any CPU
		{EBDB8281-0CBD-4F0B-9C85-3B60AC5C10DF}.AppStore|x86.ActiveCfg = Release|Any CPU
		{EBDB8281-0CBD-4F0B-9C85-3B60AC5C10DF}.AppStore|x86.Build.0 = Release|Any CPU
		{EBDB8281-0CBD-4F0B-9C85-3B60AC5C10DF}.Debug|Any CPU.ActiveCfg = Debug|Any CPU
		{EBDB8281-0CBD-4F0B-9C85-3B60AC5C10DF}.Debug|Any CPU.Build.0 = Debug|Any CPU
		{EBDB8281-0CBD-4F0B-9C85-3B60AC5C10DF}.Debug|ARM.ActiveCfg = Debug|Any CPU
		{EBDB8281-0CBD-4F0B-9C85-3B60AC5C10DF}.Debug|ARM.Build.0 = Debug|Any CPU
		{EBDB8281-0CBD-4F0B-9C85-3B60AC5C10DF}.Debug|iPhone.ActiveCfg = Debug|Any CPU
		{EBDB8281-0CBD-4F0B-9C85-3B60AC5C10DF}.Debug|iPhone.Build.0 = Debug|Any CPU
		{EBDB8281-0CBD-4F0B-9C85-3B60AC5C10DF}.Debug|iPhoneSimulator.ActiveCfg = Debug|Any CPU
		{EBDB8281-0CBD-4F0B-9C85-3B60AC5C10DF}.Debug|iPhoneSimulator.Build.0 = Debug|Any CPU
		{EBDB8281-0CBD-4F0B-9C85-3B60AC5C10DF}.Debug|x86.ActiveCfg = Debug|Any CPU
		{EBDB8281-0CBD-4F0B-9C85-3B60AC5C10DF}.Debug|x86.Build.0 = Debug|Any CPU
		{EBDB8281-0CBD-4F0B-9C85-3B60AC5C10DF}.Release|Any CPU.ActiveCfg = Release|Any CPU
		{EBDB8281-0CBD-4F0B-9C85-3B60AC5C10DF}.Release|Any CPU.Build.0 = Release|Any CPU
		{EBDB8281-0CBD-4F0B-9C85-3B60AC5C10DF}.Release|ARM.ActiveCfg = Release|Any CPU
		{EBDB8281-0CBD-4F0B-9C85-3B60AC5C10DF}.Release|ARM.Build.0 = Release|Any CPU
		{EBDB8281-0CBD-4F0B-9C85-3B60AC5C10DF}.Release|iPhone.ActiveCfg = Release|Any CPU
		{EBDB8281-0CBD-4F0B-9C85-3B60AC5C10DF}.Release|iPhone.Build.0 = Release|Any CPU
		{EBDB8281-0CBD-4F0B-9C85-3B60AC5C10DF}.Release|iPhoneSimulator.ActiveCfg = Release|Any CPU
		{EBDB8281-0CBD-4F0B-9C85-3B60AC5C10DF}.Release|iPhoneSimulator.Build.0 = Release|Any CPU
		{EBDB8281-0CBD-4F0B-9C85-3B60AC5C10DF}.Release|x86.ActiveCfg = Release|Any CPU
		{EBDB8281-0CBD-4F0B-9C85-3B60AC5C10DF}.Release|x86.Build.0 = Release|Any CPU
		{21F65626-6E02-49C0-99A0-DB5FADE8CED2}.Ad-Hoc|Any CPU.ActiveCfg = Release|Any CPU
		{21F65626-6E02-49C0-99A0-DB5FADE8CED2}.Ad-Hoc|Any CPU.Build.0 = Release|Any CPU
		{21F65626-6E02-49C0-99A0-DB5FADE8CED2}.Ad-Hoc|ARM.ActiveCfg = Release|Any CPU
		{21F65626-6E02-49C0-99A0-DB5FADE8CED2}.Ad-Hoc|ARM.Build.0 = Release|Any CPU
		{21F65626-6E02-49C0-99A0-DB5FADE8CED2}.Ad-Hoc|iPhone.ActiveCfg = Release|Any CPU
		{21F65626-6E02-49C0-99A0-DB5FADE8CED2}.Ad-Hoc|iPhone.Build.0 = Release|Any CPU
		{21F65626-6E02-49C0-99A0-DB5FADE8CED2}.Ad-Hoc|iPhoneSimulator.ActiveCfg = Release|Any CPU
		{21F65626-6E02-49C0-99A0-DB5FADE8CED2}.Ad-Hoc|iPhoneSimulator.Build.0 = Release|Any CPU
		{21F65626-6E02-49C0-99A0-DB5FADE8CED2}.Ad-Hoc|x86.ActiveCfg = Release|Any CPU
		{21F65626-6E02-49C0-99A0-DB5FADE8CED2}.Ad-Hoc|x86.Build.0 = Release|Any CPU
		{21F65626-6E02-49C0-99A0-DB5FADE8CED2}.AppStore|Any CPU.ActiveCfg = Release|Any CPU
		{21F65626-6E02-49C0-99A0-DB5FADE8CED2}.AppStore|Any CPU.Build.0 = Release|Any CPU
		{21F65626-6E02-49C0-99A0-DB5FADE8CED2}.AppStore|ARM.ActiveCfg = Release|Any CPU
		{21F65626-6E02-49C0-99A0-DB5FADE8CED2}.AppStore|ARM.Build.0 = Release|Any CPU
		{21F65626-6E02-49C0-99A0-DB5FADE8CED2}.AppStore|iPhone.ActiveCfg = Release|Any CPU
		{21F65626-6E02-49C0-99A0-DB5FADE8CED2}.AppStore|iPhone.Build.0 = Release|Any CPU
		{21F65626-6E02-49C0-99A0-DB5FADE8CED2}.AppStore|iPhoneSimulator.ActiveCfg = Release|Any CPU
		{21F65626-6E02-49C0-99A0-DB5FADE8CED2}.AppStore|iPhoneSimulator.Build.0 = Release|Any CPU
		{21F65626-6E02-49C0-99A0-DB5FADE8CED2}.AppStore|x86.ActiveCfg = Release|Any CPU
		{21F65626-6E02-49C0-99A0-DB5FADE8CED2}.AppStore|x86.Build.0 = Release|Any CPU
		{21F65626-6E02-49C0-99A0-DB5FADE8CED2}.Debug|Any CPU.ActiveCfg = Debug|Any CPU
		{21F65626-6E02-49C0-99A0-DB5FADE8CED2}.Debug|Any CPU.Build.0 = Debug|Any CPU
		{21F65626-6E02-49C0-99A0-DB5FADE8CED2}.Debug|ARM.ActiveCfg = Debug|Any CPU
		{21F65626-6E02-49C0-99A0-DB5FADE8CED2}.Debug|ARM.Build.0 = Debug|Any CPU
		{21F65626-6E02-49C0-99A0-DB5FADE8CED2}.Debug|iPhone.ActiveCfg = Debug|Any CPU
		{21F65626-6E02-49C0-99A0-DB5FADE8CED2}.Debug|iPhone.Build.0 = Debug|Any CPU
		{21F65626-6E02-49C0-99A0-DB5FADE8CED2}.Debug|iPhoneSimulator.ActiveCfg = Debug|Any CPU
		{21F65626-6E02-49C0-99A0-DB5FADE8CED2}.Debug|iPhoneSimulator.Build.0 = Debug|Any CPU
		{21F65626-6E02-49C0-99A0-DB5FADE8CED2}.Debug|x86.ActiveCfg = Debug|Any CPU
		{21F65626-6E02-49C0-99A0-DB5FADE8CED2}.Debug|x86.Build.0 = Debug|Any CPU
		{21F65626-6E02-49C0-99A0-DB5FADE8CED2}.Release|Any CPU.ActiveCfg = Release|Any CPU
		{21F65626-6E02-49C0-99A0-DB5FADE8CED2}.Release|Any CPU.Build.0 = Release|Any CPU
		{21F65626-6E02-49C0-99A0-DB5FADE8CED2}.Release|ARM.ActiveCfg = Release|Any CPU
		{21F65626-6E02-49C0-99A0-DB5FADE8CED2}.Release|ARM.Build.0 = Release|Any CPU
		{21F65626-6E02-49C0-99A0-DB5FADE8CED2}.Release|iPhone.ActiveCfg = Release|Any CPU
		{21F65626-6E02-49C0-99A0-DB5FADE8CED2}.Release|iPhone.Build.0 = Release|Any CPU
		{21F65626-6E02-49C0-99A0-DB5FADE8CED2}.Release|iPhoneSimulator.ActiveCfg = Release|Any CPU
		{21F65626-6E02-49C0-99A0-DB5FADE8CED2}.Release|iPhoneSimulator.Build.0 = Release|Any CPU
		{21F65626-6E02-49C0-99A0-DB5FADE8CED2}.Release|x86.ActiveCfg = Release|Any CPU
		{21F65626-6E02-49C0-99A0-DB5FADE8CED2}.Release|x86.Build.0 = Release|Any CPU
	EndGlobalSection
	GlobalSection(SolutionProperties) = preSolution
		HideSolutionNode = FALSE
	EndGlobalSection
EndGlobal
